
Microsoft Visual Studio Solution File, Format Version 12.00
# Visual Studio Version 16
VisualStudioVersion = 16.0.30804.86
MinimumVisualStudioVersion = 10.0.40219.1
Project("{9A19103F-16F7-4668-BE54-9A1E7A4F7556}") = "Korelskiy.BlazorTrainingApp", "Korelskiy.BlazorTrainingApp.csproj", "{6738D771-DA94-4BB1-8C0F-0B92717D0E43}"
EndProject
Global
	GlobalSection(SolutionConfigurationPlatforms) = preSolution
		Debug|Any CPU = Debug|Any CPU
		Release|Any CPU = Release|Any CPU
	EndGlobalSection
	GlobalSection(ProjectConfigurationPlatforms) = postSolution
		{6738D771-DA94-4BB1-8C0F-0B92717D0E43}.Debug|Any CPU.ActiveCfg = Debug|Any CPU
		{6738D771-DA94-4BB1-8C0F-0B92717D0E43}.Debug|Any CPU.Build.0 = Debug|Any CPU
		{6738D771-DA94-4BB1-8C0F-0B92717D0E43}.Release|Any CPU.ActiveCfg = Release|Any CPU
		{6738D771-DA94-4BB1-8C0F-0B92717D0E43}.Release|Any CPU.Build.0 = Release|Any CPU
	EndGlobalSection
	GlobalSection(SolutionProperties) = preSolution
		HideSolutionNode = FALSE
	EndGlobalSection
	GlobalSection(ExtensibilityGlobals) = postSolution
		SolutionGuid = {DACC5B99-5A47-474C-A68F-30B791F329B6}
	EndGlobalSection
EndGlobal
